
Microsoft Visual Studio Solution File, Format Version 12.00
# Visual Studio Version 17
VisualStudioVersion = 17.1.32104.313
MinimumVisualStudioVersion = 10.0.40219.1
Project("{9A19103F-16F7-4668-BE54-9A1E7A4F7556}") = "APIContagem", "APIContagem.csproj", "{5F55B957-7374-4CE3-90D4-3C67BEF8A2F4}"
EndProject
Global
	GlobalSection(SolutionConfigurationPlatforms) = preSolution
		Debug|Any CPU = Debug|Any CPU
		Release|Any CPU = Release|Any CPU
	EndGlobalSection
	GlobalSection(ProjectConfigurationPlatforms) = postSolution
		{5F55B957-7374-4CE3-90D4-3C67BEF8A2F4}.Debug|Any CPU.ActiveCfg = Debug|Any CPU
		{5F55B957-7374-4CE3-90D4-3C67BEF8A2F4}.Debug|Any CPU.Build.0 = Debug|Any CPU
		{5F55B957-7374-4CE3-90D4-3C67BEF8A2F4}.Release|Any CPU.ActiveCfg = Release|Any CPU
		{5F55B957-7374-4CE3-90D4-3C67BEF8A2F4}.Release|Any CPU.Build.0 = Release|Any CPU
	EndGlobalSection
	GlobalSection(SolutionProperties) = preSolution
		HideSolutionNode = FALSE
	EndGlobalSection
	GlobalSection(ExtensibilityGlobals) = postSolution
		SolutionGuid = {A1B8EE6D-E8D2-4194-9A83-E90580D205B8}
	EndGlobalSection
EndGlobal
